
Microsoft Visual Studio Solution File, Format Version 12.00
# Visual Studio Version 17
VisualStudioVersion = 17.11.35222.181
MinimumVisualStudioVersion = 10.0.40219.1
Project("{9A19103F-16F7-4668-BE54-9A1E7A4F7556}") = "CadidateManagement_TranQuocCuong_Web_PRN221", "CadidateManagement_TranQuocCuong_Web_PRN221\CadidateManagement_TranQuocCuong_Web_PRN221.csproj", "{550B80BD-D084-4115-8CA4-A158E6F00684}"
EndProject
Project("{9A19103F-16F7-4668-BE54-9A1E7A4F7556}") = "Candidate_BusinessObjects", "Candidate_BusinessObjects\Candidate_BusinessObjects.csproj", "{833943B0-5D2E-495F-A221-BF80AD5E03DE}"
EndProject
Project("{9A19103F-16F7-4668-BE54-9A1E7A4F7556}") = "Candidate_DAO", "Candidate_DAO\Candidate_DAO.csproj", "{627BC77C-AFA6-4D38-99A3-40F524CDD882}"
EndProject
Project("{9A19103F-16F7-4668-BE54-9A1E7A4F7556}") = "Candidate_Repository", "Candidate_Repository\Candidate_Repository.csproj", "{B2FEB3C7-6925-4848-B21A-C0C74EF29FC1}"
EndProject
Project("{9A19103F-16F7-4668-BE54-9A1E7A4F7556}") = "Candidate_Service", "Candidate_Service\Candidate_Service.csproj", "{92A5C0DB-E16C-4C0C-8386-12FA362CD569}"
EndProject
Project("{9A19103F-16F7-4668-BE54-9A1E7A4F7556}") = "Candidate_GUI_WPF", "Candidate_GUI_WPF\Candidate_GUI_WPF.csproj", "{3FAD4288-0E4F-4C1C-890F-7C3B3B64DB8B}"
EndProject
Global
	GlobalSection(SolutionConfigurationPlatforms) = preSolution
		Debug|Any CPU = Debug|Any CPU
		Release|Any CPU = Release|Any CPU
	EndGlobalSection
	GlobalSection(ProjectConfigurationPlatforms) = postSolution
		{550B80BD-D084-4115-8CA4-A158E6F00684}.Debug|Any CPU.ActiveCfg = Debug|Any CPU
		{550B80BD-D084-4115-8CA4-A158E6F00684}.Debug|Any CPU.Build.0 = Debug|Any CPU
		{550B80BD-D084-4115-8CA4-A158E6F00684}.Release|Any CPU.ActiveCfg = Release|Any CPU
		{550B80BD-D084-4115-8CA4-A158E6F00684}.Release|Any CPU.Build.0 = Release|Any CPU
		{833943B0-5D2E-495F-A221-BF80AD5E03DE}.Debug|Any CPU.ActiveCfg = Debug|Any CPU
		{833943B0-5D2E-495F-A221-BF80AD5E03DE}.Debug|Any CPU.Build.0 = Debug|Any CPU
		{833943B0-5D2E-495F-A221-BF80AD5E03DE}.Release|Any CPU.ActiveCfg = Release|Any CPU
		{833943B0-5D2E-495F-A221-BF80AD5E03DE}.Release|Any CPU.Build.0 = Release|Any CPU
		{627BC77C-AFA6-4D38-99A3-40F524CDD882}.Debug|Any CPU.ActiveCfg = Debug|Any CPU
		{627BC77C-AFA6-4D38-99A3-40F524CDD882}.Debug|Any CPU.Build.0 = Debug|Any CPU
		{627BC77C-AFA6-4D38-99A3-40F524CDD882}.Release|Any CPU.ActiveCfg = Release|Any CPU
		{627BC77C-AFA6-4D38-99A3-40F524CDD882}.Release|Any CPU.Build.0 = Release|Any CPU
		{B2FEB3C7-6925-4848-B21A-C0C74EF29FC1}.Debug|Any CPU.ActiveCfg = Debug|Any CPU
		{B2FEB3C7-6925-4848-B21A-C0C74EF29FC1}.Debug|Any CPU.Build.0 = Debug|Any CPU
		{B2FEB3C7-6925-4848-B21A-C0C74EF29FC1}.Release|Any CPU.ActiveCfg = Release|Any CPU
		{B2FEB3C7-6925-4848-B21A-C0C74EF29FC1}.Release|Any CPU.Build.0 = Release|Any CPU
		{92A5C0DB-E16C-4C0C-8386-12FA362CD569}.Debug|Any CPU.ActiveCfg = Debug|Any CPU
		{92A5C0DB-E16C-4C0C-8386-12FA362CD569}.Debug|Any CPU.Build.0 = Debug|Any CPU
		{92A5C0DB-E16C-4C0C-8386-12FA362CD569}.Release|Any CPU.ActiveCfg = Release|Any CPU
		{92A5C0DB-E16C-4C0C-8386-12FA362CD569}.Release|Any CPU.Build.0 = Release|Any CPU
		{3FAD4288-0E4F-4C1C-890F-7C3B3B64DB8B}.Debug|Any CPU.ActiveCfg = Debug|Any CPU
		{3FAD4288-0E4F-4C1C-890F-7C3B3B64DB8B}.Debug|Any CPU.Build.0 = Debug|Any CPU
		{3FAD4288-0E4F-4C1C-890F-7C3B3B64DB8B}.Release|Any CPU.ActiveCfg = Release|Any CPU
		{3FAD4288-0E4F-4C1C-890F-7C3B3B64DB8B}.Release|Any CPU.Build.0 = Release|Any CPU
	EndGlobalSection
	GlobalSection(SolutionProperties) = preSolution
		HideSolutionNode = FALSE
	EndGlobalSection
	GlobalSection(ExtensibilityGlobals) = postSolution
		SolutionGuid = {6E157C78-12E7-45A0-A2A2-20F72790D1A8}
	EndGlobalSection
EndGlobal
